// !$*UTF8*$!
{
	archiveVersion = 1;
	classes = {
	};
	objectVersion = 50;
	objects = {

/* Begin PBXBuildFile section */
		6E077EBC215DFE0800F0E69D /* ReadContentNewViewController.swift in Sources */ = {isa = PBXBuildFile; fileRef = 6E077EBA215DFE0800F0E69D /* ReadContentNewViewController.swift */; };
		6E077EBD215DFE0800F0E69D /* ReadContentNewViewController.xib in Resources */ = {isa = PBXBuildFile; fileRef = 6E077EBB215DFE0800F0E69D /* ReadContentNewViewController.xib */; };
		6E55339C215C64D100F75760 /* MainViewController.swift in Sources */ = {isa = PBXBuildFile; fileRef = 6E55339A215C64D100F75760 /* MainViewController.swift */; };
		6E55339D215C64D100F75760 /* MainViewController.xib in Resources */ = {isa = PBXBuildFile; fileRef = 6E55339B215C64D100F75760 /* MainViewController.xib */; };
		6E55339F215C655C00F75760 /* TempMainViewController.swift in Sources */ = {isa = PBXBuildFile; fileRef = 6E55339E215C655C00F75760 /* TempMainViewController.swift */; };
		6E5533A5215C67FD00F75760 /* WebTableViewCell.swift in Sources */ = {isa = PBXBuildFile; fileRef = 6E5533A3215C67FD00F75760 /* WebTableViewCell.swift */; };
		6E5533A6215C67FD00F75760 /* WebTableViewCell.xib in Resources */ = {isa = PBXBuildFile; fileRef = 6E5533A4215C67FD00F75760 /* WebTableViewCell.xib */; };
		6E5533A9215C6AF100F75760 /* Netmode.swift in Sources */ = {isa = PBXBuildFile; fileRef = 6E5533A8215C6AF100F75760 /* Netmode.swift */; };
		6E5533AF215CB50800F75760 /* MybookCollectionViewCell.swift in Sources */ = {isa = PBXBuildFile; fileRef = 6E5533AD215CB50800F75760 /* MybookCollectionViewCell.swift */; };
		6E5533B0215CB50800F75760 /* MybookCollectionViewCell.xib in Resources */ = {isa = PBXBuildFile; fileRef = 6E5533AE215CB50800F75760 /* MybookCollectionViewCell.xib */; };
		6E7AFDBF215B2FF300501F17 /* CatalogTableViewController.swift in Sources */ = {isa = PBXBuildFile; fileRef = 6E7AFDBE215B2FF300501F17 /* CatalogTableViewController.swift */; };
		6E7AFDC2215B613700501F17 /* CatalogTableViewCell.swift in Sources */ = {isa = PBXBuildFile; fileRef = 6E7AFDC0215B613700501F17 /* CatalogTableViewCell.swift */; };
		6E7AFDC3215B613700501F17 /* CatalogTableViewCell.xib in Resources */ = {isa = PBXBuildFile; fileRef = 6E7AFDC1215B613700501F17 /* CatalogTableViewCell.xib */; };
		6E7AFDC7215B6CB700501F17 /* MainNavgationViewController.swift in Sources */ = {isa = PBXBuildFile; fileRef = 6E7AFDC6215B6CB700501F17 /* MainNavgationViewController.swift */; };
		6E7AFDCD215B817800501F17 /* WebsTableViewController.swift in Sources */ = {isa = PBXBuildFile; fileRef = 6E7AFDCC215B817800501F17 /* WebsTableViewController.swift */; };
		6E89ED22214FA51A00EF319C /* AppDelegate.swift in Sources */ = {isa = PBXBuildFile; fileRef = 6E89ED21214FA51A00EF319C /* AppDelegate.swift */; };
		6E89ED24214FA51A00EF319C /* ViewController.swift in Sources */ = {isa = PBXBuildFile; fileRef = 6E89ED23214FA51A00EF319C /* ViewController.swift */; };
		6E89ED27214FA51A00EF319C /* Main.storyboard in Resources */ = {isa = PBXBuildFile; fileRef = 6E89ED25214FA51A00EF319C /* Main.storyboard */; };
		6E89ED2A214FA51A00EF319C /* games.xcdatamodeld in Sources */ = {isa = PBXBuildFile; fileRef = 6E89ED28214FA51A00EF319C /* games.xcdatamodeld */; };
		6E89ED2C214FA51B00EF319C /* Assets.xcassets in Resources */ = {isa = PBXBuildFile; fileRef = 6E89ED2B214FA51B00EF319C /* Assets.xcassets */; };
		6E89ED2F214FA51B00EF319C /* LaunchScreen.storyboard in Resources */ = {isa = PBXBuildFile; fileRef = 6E89ED2D214FA51B00EF319C /* LaunchScreen.storyboard */; };
		6E89ED3D214FA56E00EF319C /* Game2048ViewController.swift in Sources */ = {isa = PBXBuildFile; fileRef = 6E89ED3B214FA56E00EF319C /* Game2048ViewController.swift */; };
		6E89ED3E214FA56E00EF319C /* Game2048ViewController.xib in Resources */ = {isa = PBXBuildFile; fileRef = 6E89ED3C214FA56E00EF319C /* Game2048ViewController.xib */; };
		6E89ED42214FA56E00EF319C /* Game2048BaseViewBox.swift in Sources */ = {isa = PBXBuildFile; fileRef = 6E89ED41214FA56E00EF319C /* Game2048BaseViewBox.swift */; };
		6EA271B9215A1FFB003C9264 /* ContentTitleTableViewCell.swift in Sources */ = {isa = PBXBuildFile; fileRef = 6EA271B7215A1FFB003C9264 /* ContentTitleTableViewCell.swift */; };
		6EA271BA215A1FFB003C9264 /* ContentTitleTableViewCell.xib in Resources */ = {isa = PBXBuildFile; fileRef = 6EA271B8215A1FFB003C9264 /* ContentTitleTableViewCell.xib */; };
		6EA271BE215A3374003C9264 /* fileExtence.swift in Sources */ = {isa = PBXBuildFile; fileRef = 6EA271BD215A3374003C9264 /* fileExtence.swift */; };
		6EA8C51C216AF44700F13CBB /* NewMybooksViewController.swift in Sources */ = {isa = PBXBuildFile; fileRef = 6EA8C51A216AF44700F13CBB /* NewMybooksViewController.swift */; };
		6EA8C51D216AF44700F13CBB /* NewMybooksViewController.xib in Resources */ = {isa = PBXBuildFile; fileRef = 6EA8C51B216AF44700F13CBB /* NewMybooksViewController.xib */; };
		6EF682742154DA9F0039D870 /* tuozhan.swift in Sources */ = {isa = PBXBuildFile; fileRef = 6EF682732154DA9F0039D870 /* tuozhan.swift */; };
		6EF6827B2154E3180039D870 /* ContentTableViewCell.swift in Sources */ = {isa = PBXBuildFile; fileRef = 6EF682792154E3180039D870 /* ContentTableViewCell.swift */; };
		6EF6827C2154E3180039D870 /* ContentTableViewCell.xib in Resources */ = {isa = PBXBuildFile; fileRef = 6EF6827A2154E3180039D870 /* ContentTableViewCell.xib */; };
		762C17BE72F24F595CCE8F10 /* Pods_games.framework in Frameworks */ = {isa = PBXBuildFile; fileRef = 9441FBB156C0C624640DABDF /* Pods_games.framework */; };
/* End PBXBuildFile section */

/* Begin PBXFileReference section */
		6E077EBA215DFE0800F0E69D /* ReadContentNewViewController.swift */ = {isa = PBXFileReference; lastKnownFileType = sourcecode.swift; path = ReadContentNewViewController.swift; sourceTree = "<group>"; };
		6E077EBB215DFE0800F0E69D /* ReadContentNewViewController.xib */ = {isa = PBXFileReference; lastKnownFileType = file.xib; path = ReadContentNewViewController.xib; sourceTree = "<group>"; };
		6E2A383A318110F6FC92F587 /* Pods-games.release.xcconfig */ = {isa = PBXFileReference; includeInIndex = 1; lastKnownFileType = text.xcconfig; name = "Pods-games.release.xcconfig"; path = "Pods/Target Support Files/Pods-games/Pods-games.release.xcconfig"; sourceTree = "<group>"; };
		6E55339A215C64D100F75760 /* MainViewController.swift */ = {isa = PBXFileReference; lastKnownFileType = sourcecode.swift; path = MainViewController.swift; sourceTree = "<group>"; };
		6E55339B215C64D100F75760 /* MainViewController.xib */ = {isa = PBXFileReference; lastKnownFileType = file.xib; path = MainViewController.xib; sourceTree = "<group>"; };
		6E55339E215C655C00F75760 /* TempMainViewController.swift */ = {isa = PBXFileReference; lastKnownFileType = sourcecode.swift; path = TempMainViewController.swift; sourceTree = "<group>"; };
		6E5533A3215C67FD00F75760 /* WebTableViewCell.swift */ = {isa = PBXFileReference; lastKnownFileType = sourcecode.swift; path = WebTableViewCell.swift; sourceTree = "<group>"; };
		6E5533A4215C67FD00F75760 /* WebTableViewCell.xib */ = {isa = PBXFileReference; lastKnownFileType = file.xib; path = WebTableViewCell.xib; sourceTree = "<group>"; };
		6E5533A8215C6AF100F75760 /* Netmode.swift */ = {isa = PBXFileReference; lastKnownFileType = sourcecode.swift; path = Netmode.swift; sourceTree = "<group>"; };
		6E5533AD215CB50800F75760 /* MybookCollectionViewCell.swift */ = {isa = PBXFileReference; lastKnownFileType = sourcecode.swift; path = MybookCollectionViewCell.swift; sourceTree = "<group>"; };
		6E5533AE215CB50800F75760 /* MybookCollectionViewCell.xib */ = {isa = PBXFileReference; lastKnownFileType = file.xib; path = MybookCollectionViewCell.xib; sourceTree = "<group>"; };
		6E7AFDBE215B2FF300501F17 /* CatalogTableViewController.swift */ = {isa = PBXFileReference; lastKnownFileType = sourcecode.swift; path = CatalogTableViewController.swift; sourceTree = "<group>"; };
		6E7AFDC0215B613700501F17 /* CatalogTableViewCell.swift */ = {isa = PBXFileReference; lastKnownFileType = sourcecode.swift; path = CatalogTableViewCell.swift; sourceTree = "<group>"; };
		6E7AFDC1215B613700501F17 /* CatalogTableViewCell.xib */ = {isa = PBXFileReference; lastKnownFileType = file.xib; path = CatalogTableViewCell.xib; sourceTree = "<group>"; };
		6E7AFDC6215B6CB700501F17 /* MainNavgationViewController.swift */ = {isa = PBXFileReference; lastKnownFileType = sourcecode.swift; path = MainNavgationViewController.swift; sourceTree = "<group>"; };
		6E7AFDCC215B817800501F17 /* WebsTableViewController.swift */ = {isa = PBXFileReference; lastKnownFileType = sourcecode.swift; path = WebsTableViewController.swift; sourceTree = "<group>"; };
		6E89ED1E214FA51A00EF319C /* games.app */ = {isa = PBXFileReference; explicitFileType = wrapper.application; includeInIndex = 0; path = games.app; sourceTree = BUILT_PRODUCTS_DIR; };
		6E89ED21214FA51A00EF319C /* AppDelegate.swift */ = {isa = PBXFileReference; lastKnownFileType = sourcecode.swift; path = AppDelegate.swift; sourceTree = "<group>"; };
		6E89ED23214FA51A00EF319C /* ViewController.swift */ = {isa = PBXFileReference; lastKnownFileType = sourcecode.swift; path = ViewController.swift; sourceTree = "<group>"; };
		6E89ED26214FA51A00EF319C /* Base */ = {isa = PBXFileReference; lastKnownFileType = file.storyboard; name = Base; path = Base.lproj/Main.storyboard; sourceTree = "<group>"; };
		6E89ED29214FA51A00EF319C /* games.xcdatamodel */ = {isa = PBXFileReference; lastKnownFileType = wrapper.xcdatamodel; path = games.xcdatamodel; sourceTree = "<group>"; };
		6E89ED2B214FA51B00EF319C /* Assets.xcassets */ = {isa = PBXFileReference; lastKnownFileType = folder.assetcatalog; path = Assets.xcassets; sourceTree = "<group>"; };
		6E89ED2E214FA51B00EF319C /* Base */ = {isa = PBXFileReference; lastKnownFileType = file.storyboard; name = Base; path = Base.lproj/LaunchScreen.storyboard; sourceTree = "<group>"; };
		6E89ED30214FA51B00EF319C /* Info.plist */ = {isa = PBXFileReference; lastKnownFileType = text.plist.xml; path = Info.plist; sourceTree = "<group>"; };
		6E89ED3B214FA56E00EF319C /* Game2048ViewController.swift */ = {isa = PBXFileReference; lastKnownFileType = sourcecode.swift; path = Game2048ViewController.swift; sourceTree = "<group>"; };
		6E89ED3C214FA56E00EF319C /* Game2048ViewController.xib */ = {isa = PBXFileReference; lastKnownFileType = file.xib; path = Game2048ViewController.xib; sourceTree = "<group>"; };
		6E89ED41214FA56E00EF319C /* Game2048BaseViewBox.swift */ = {isa = PBXFileReference; lastKnownFileType = sourcecode.swift; path = Game2048BaseViewBox.swift; sourceTree = "<group>"; };
		6EA271B7215A1FFB003C9264 /* ContentTitleTableViewCell.swift */ = {isa = PBXFileReference; lastKnownFileType = sourcecode.swift; path = ContentTitleTableViewCell.swift; sourceTree = "<group>"; };
		6EA271B8215A1FFB003C9264 /* ContentTitleTableViewCell.xib */ = {isa = PBXFileReference; lastKnownFileType = file.xib; path = ContentTitleTableViewCell.xib; sourceTree = "<group>"; };
		6EA271BD215A3374003C9264 /* fileExtence.swift */ = {isa = PBXFileReference; fileEncoding = 4; lastKnownFileType = sourcecode.swift; path = fileExtence.swift; sourceTree = "<group>"; };
		6EA8C51A216AF44700F13CBB /* NewMybooksViewController.swift */ = {isa = PBXFileReference; lastKnownFileType = sourcecode.swift; path = NewMybooksViewController.swift; sourceTree = "<group>"; };
		6EA8C51B216AF44700F13CBB /* NewMybooksViewController.xib */ = {isa = PBXFileReference; lastKnownFileType = file.xib; path = NewMybooksViewController.xib; sourceTree = "<group>"; };
		6EF682732154DA9F0039D870 /* tuozhan.swift */ = {isa = PBXFileReference; lastKnownFileType = sourcecode.swift; path = tuozhan.swift; sourceTree = "<group>"; };
		6EF682792154E3180039D870 /* ContentTableViewCell.swift */ = {isa = PBXFileReference; lastKnownFileType = sourcecode.swift; path = ContentTableViewCell.swift; sourceTree = "<group>"; };
		6EF6827A2154E3180039D870 /* ContentTableViewCell.xib */ = {isa = PBXFileReference; lastKnownFileType = file.xib; path = ContentTableViewCell.xib; sourceTree = "<group>"; };
		9441FBB156C0C624640DABDF /* Pods_games.framework */ = {isa = PBXFileReference; explicitFileType = wrapper.framework; includeInIndex = 0; path = Pods_games.framework; sourceTree = BUILT_PRODUCTS_DIR; };
		BFB74DE4A9FFBE3B9082773B /* Pods-games.debug.xcconfig */ = {isa = PBXFileReference; includeInIndex = 1; lastKnownFileType = text.xcconfig; name = "Pods-games.debug.xcconfig"; path = "Pods/Target Support Files/Pods-games/Pods-games.debug.xcconfig"; sourceTree = "<group>"; };
/* End PBXFileReference section */

/* Begin PBXFrameworksBuildPhase section */
		6E89ED1B214FA51900EF319C /* Frameworks */ = {
			isa = PBXFrameworksBuildPhase;
			buildActionMask = 2147483647;
			files = (
				762C17BE72F24F595CCE8F10 /* Pods_games.framework in Frameworks */,
			);
			runOnlyForDeploymentPostprocessing = 0;
		};
/* End PBXFrameworksBuildPhase section */

/* Begin PBXGroup section */
		6E5533A0215C676E00F75760 /* main */ = {
			isa = PBXGroup;
			children = (
				6E5533A2215C679900F75760 /* cell */,
				6E5533A1215C678500F75760 /* vc */,
			);
			path = main;
			sourceTree = "<group>";
		};
		6E5533A1215C678500F75760 /* vc */ = {
			isa = PBXGroup;
			children = (
				6E55339E215C655C00F75760 /* TempMainViewController.swift */,
				6E55339A215C64D100F75760 /* MainViewController.swift */,
				6E55339B215C64D100F75760 /* MainViewController.xib */,
				6EA8C51A216AF44700F13CBB /* NewMybooksViewController.swift */,
				6EA8C51B216AF44700F13CBB /* NewMybooksViewController.xib */,
				6E7AFDCC215B817800501F17 /* WebsTableViewController.swift */,
			);
			path = vc;
			sourceTree = "<group>";
		};
		6E5533A2215C679900F75760 /* cell */ = {
			isa = PBXGroup;
			children = (
				6E5533A3215C67FD00F75760 /* WebTableViewCell.swift */,
				6E5533A4215C67FD00F75760 /* WebTableViewCell.xib */,
				6E5533AD215CB50800F75760 /* MybookCollectionViewCell.swift */,
				6E5533AE215CB50800F75760 /* MybookCollectionViewCell.xib */,
			);
			path = cell;
			sourceTree = "<group>";
		};
		6E5533A7215C6AAB00F75760 /* class */ = {
			isa = PBXGroup;
			children = (
				6E5533A8215C6AF100F75760 /* Netmode.swift */,
			);
			path = class;
			sourceTree = "<group>";
		};
		6E5533AA215C76AF00F75760 /* read */ = {
			isa = PBXGroup;
			children = (
				6E5533AC215C76CB00F75760 /* cell */,
				6E5533AB215C76C300F75760 /* vc */,
			);
			path = read;
			sourceTree = "<group>";
		};
		6E5533AB215C76C300F75760 /* vc */ = {
			isa = PBXGroup;
			children = (
				6E7AFDC6215B6CB700501F17 /* MainNavgationViewController.swift */,
				6E7AFDBE215B2FF300501F17 /* CatalogTableViewController.swift */,
				6E077EBA215DFE0800F0E69D /* ReadContentNewViewController.swift */,
				6E077EBB215DFE0800F0E69D /* ReadContentNewViewController.xib */,
			);
			path = vc;
			sourceTree = "<group>";
		};
		6E5533AC215C76CB00F75760 /* cell */ = {
			isa = PBXGroup;
			children = (
				6EF682792154E3180039D870 /* ContentTableViewCell.swift */,
				6EF6827A2154E3180039D870 /* ContentTableViewCell.xib */,
				6EA271B7215A1FFB003C9264 /* ContentTitleTableViewCell.swift */,
				6EA271B8215A1FFB003C9264 /* ContentTitleTableViewCell.xib */,
				6E7AFDC0215B613700501F17 /* CatalogTableViewCell.swift */,
				6E7AFDC1215B613700501F17 /* CatalogTableViewCell.xib */,
			);
			path = cell;
			sourceTree = "<group>";
		};
		6E89ED15214FA51900EF319C = {
			isa = PBXGroup;
			children = (
				6E89ED20214FA51A00EF319C /* games */,
				6E89ED1F214FA51A00EF319C /* Products */,
				BA18BF5E89FAF71BF8CE9513 /* Pods */,
				D5D9BB3B7D73F19E5342160E /* Frameworks */,
			);
			sourceTree = "<group>";
		};
		6E89ED1F214FA51A00EF319C /* Products */ = {
			isa = PBXGroup;
			children = (
				6E89ED1E214FA51A00EF319C /* games.app */,
			);
			name = Products;
			sourceTree = "<group>";
		};
		6E89ED20214FA51A00EF319C /* games */ = {
			isa = PBXGroup;
			children = (
				6E89ED36214FA54F00EF319C /* game1 */,
				6EF6826C2154BFF60039D870 /* game2 */,
				6E89ED21214FA51A00EF319C /* AppDelegate.swift */,
				6E89ED23214FA51A00EF319C /* ViewController.swift */,
				6E89ED25214FA51A00EF319C /* Main.storyboard */,
				6E89ED2B214FA51B00EF319C /* Assets.xcassets */,
				6E89ED2D214FA51B00EF319C /* LaunchScreen.storyboard */,
				6E89ED30214FA51B00EF319C /* Info.plist */,
				6E89ED28214FA51A00EF319C /* games.xcdatamodeld */,
				6EF682732154DA9F0039D870 /* tuozhan.swift */,
				6EA271BD215A3374003C9264 /* fileExtence.swift */,
			);
			path = games;
			sourceTree = "<group>";
		};
		6E89ED36214FA54F00EF319C /* game1 */ = {
			isa = PBXGroup;
			children = (
				6E89ED3B214FA56E00EF319C /* Game2048ViewController.swift */,
				6E89ED3C214FA56E00EF319C /* Game2048ViewController.xib */,
				6E89ED41214FA56E00EF319C /* Game2048BaseViewBox.swift */,
			);
			path = game1;
			sourceTree = "<group>";
		};
		6EF6826C2154BFF60039D870 /* game2 */ = {
			isa = PBXGroup;
			children = (
				6E5533A7215C6AAB00F75760 /* class */,
				6E5533AA215C76AF00F75760 /* read */,
				6E5533A0215C676E00F75760 /* main */,
			);
			path = game2;
			sourceTree = "<group>";
		};
		BA18BF5E89FAF71BF8CE9513 /* Pods */ = {
			isa = PBXGroup;
			children = (
				BFB74DE4A9FFBE3B9082773B /* Pods-games.debug.xcconfig */,
				6E2A383A318110F6FC92F587 /* Pods-games.release.xcconfig */,
			);
			name = Pods;
			sourceTree = "<group>";
		};
		D5D9BB3B7D73F19E5342160E /* Frameworks */ = {
			isa = PBXGroup;
			children = (
				9441FBB156C0C624640DABDF /* Pods_games.framework */,
			);
			name = Frameworks;
			sourceTree = "<group>";
		};
/* End PBXGroup section */

/* Begin PBXNativeTarget section */
		6E89ED1D214FA51900EF319C /* games */ = {
			isa = PBXNativeTarget;
			buildConfigurationList = 6E89ED33214FA51B00EF319C /* Build configuration list for PBXNativeTarget "games" */;
			buildPhases = (
				56E034390AA7BAC3257E0863 /* [CP] Check Pods Manifest.lock */,
				6E89ED1A214FA51900EF319C /* Sources */,
				6E89ED1B214FA51900EF319C /* Frameworks */,
				6E89ED1C214FA51900EF319C /* Resources */,
				25C253A0ED63443758779152 /* [CP] Embed Pods Frameworks */,
			);
			buildRules = (
			);
			dependencies = (
			);
			name = games;
			productName = games;
			productReference = 6E89ED1E214FA51A00EF319C /* games.app */;
			productType = "com.apple.product-type.application";
		};
/* End PBXNativeTarget section */

/* Begin PBXProject section */
		6E89ED16214FA51900EF319C /* Project object */ = {
			isa = PBXProject;
			attributes = {
				LastSwiftUpdateCheck = 0940;
				LastUpgradeCheck = 0940;
				ORGANIZATIONNAME = liushungxi;
				TargetAttributes = {
					6E89ED1D214FA51900EF319C = {
						CreatedOnToolsVersion = 9.4.1;
					};
				};
			};
			buildConfigurationList = 6E89ED19214FA51900EF319C /* Build configuration list for PBXProject "games" */;
			compatibilityVersion = "Xcode 9.3";
			developmentRegion = en;
			hasScannedForEncodings = 0;
			knownRegions = (
				en,
				Base,
			);
			mainGroup = 6E89ED15214FA51900EF319C;
			productRefGroup = 6E89ED1F214FA51A00EF319C /* Products */;
			projectDirPath = "";
			projectRoot = "";
			targets = (
				6E89ED1D214FA51900EF319C /* games */,
			);
		};
/* End PBXProject section */

/* Begin PBXResourcesBuildPhase section */
		6E89ED1C214FA51900EF319C /* Resources */ = {
			isa = PBXResourcesBuildPhase;
			buildActionMask = 2147483647;
			files = (
				6E89ED2F214FA51B00EF319C /* LaunchScreen.storyboard in Resources */,
				6E89ED2C214FA51B00EF319C /* Assets.xcassets in Resources */,
				6EA8C51D216AF44700F13CBB /* NewMybooksViewController.xib in Resources */,
				6E89ED3E214FA56E00EF319C /* Game2048ViewController.xib in Resources */,
				6E077EBD215DFE0800F0E69D /* ReadContentNewViewController.xib in Resources */,
				6E55339D215C64D100F75760 /* MainViewController.xib in Resources */,
				6E7AFDC3215B613700501F17 /* CatalogTableViewCell.xib in Resources */,
				6E89ED27214FA51A00EF319C /* Main.storyboard in Resources */,
				6E5533A6215C67FD00F75760 /* WebTableViewCell.xib in Resources */,
				6E5533B0215CB50800F75760 /* MybookCollectionViewCell.xib in Resources */,
				6EA271BA215A1FFB003C9264 /* ContentTitleTableViewCell.xib in Resources */,
				6EF6827C2154E3180039D870 /* ContentTableViewCell.xib in Resources */,
			);
			runOnlyForDeploymentPostprocessing = 0;
		};
/* End PBXResourcesBuildPhase section */

/* Begin PBXShellScriptBuildPhase section */
		25C253A0ED63443758779152 /* [CP] Embed Pods Frameworks */ = {
			isa = PBXShellScriptBuildPhase;
			buildActionMask = 2147483647;
			files = (
			);
			inputPaths = (
				"${SRCROOT}/Pods/Target Support Files/Pods-games/Pods-games-frameworks.sh",
				"${BUILT_PRODUCTS_DIR}/Alamofire/Alamofire.framework",
				"${BUILT_PRODUCTS_DIR}/HandyJSON/HandyJSON.framework",
				"${BUILT_PRODUCTS_DIR}/Kanna/Kanna.framework",
				"${BUILT_PRODUCTS_DIR}/Kingfisher/Kingfisher.framework",
				"${BUILT_PRODUCTS_DIR}/PKHUD/PKHUD.framework",
				"${BUILT_PRODUCTS_DIR}/SnapKit/SnapKit.framework",
				"${BUILT_PRODUCTS_DIR}/SwiftTheme/SwiftTheme.framework",
				"${BUILT_PRODUCTS_DIR}/XLPagerTabStrip/XLPagerTabStrip.framework",
			);
			name = "[CP] Embed Pods Frameworks";
			outputPaths = (
				"${TARGET_BUILD_DIR}/${FRAMEWORKS_FOLDER_PATH}/Alamofire.framework",
				"${TARGET_BUILD_DIR}/${FRAMEWORKS_FOLDER_PATH}/HandyJSON.framework",
				"${TARGET_BUILD_DIR}/${FRAMEWORKS_FOLDER_PATH}/Kanna.framework",
				"${TARGET_BUILD_DIR}/${FRAMEWORKS_FOLDER_PATH}/Kingfisher.framework",
				"${TARGET_BUILD_DIR}/${FRAMEWORKS_FOLDER_PATH}/PKHUD.framework",
				"${TARGET_BUILD_DIR}/${FRAMEWORKS_FOLDER_PATH}/SnapKit.framework",
				"${TARGET_BUILD_DIR}/${FRAMEWORKS_FOLDER_PATH}/SwiftTheme.framework",
				"${TARGET_BUILD_DIR}/${FRAMEWORKS_FOLDER_PATH}/XLPagerTabStrip.framework",
			);
			runOnlyForDeploymentPostprocessing = 0;
			shellPath = /bin/sh;
			shellScript = "\"${SRCROOT}/Pods/Target Support Files/Pods-games/Pods-games-frameworks.sh\"\n";
			showEnvVarsInLog = 0;
		};
		56E034390AA7BAC3257E0863 /* [CP] Check Pods Manifest.lock */ = {
			isa = PBXShellScriptBuildPhase;
			buildActionMask = 2147483647;
			files = (
			);
			inputPaths = (
				"${PODS_PODFILE_DIR_PATH}/Podfile.lock",
				"${PODS_ROOT}/Manifest.lock",
			);
			name = "[CP] Check Pods Manifest.lock";
			outputPaths = (
				"$(DERIVED_FILE_DIR)/Pods-games-checkManifestLockResult.txt",
			);
			runOnlyForDeploymentPostprocessing = 0;
			shellPath = /bin/sh;
			shellScript = "diff \"${PODS_PODFILE_DIR_PATH}/Podfile.lock\" \"${PODS_ROOT}/Manifest.lock\" > /dev/null\nif [ $? != 0 ] ; then\n    # print error to STDERR\n    echo \"error: The sandbox is not in sync with the Podfile.lock. Run 'pod install' or update your CocoaPods installation.\" >&2\n    exit 1\nfi\n# This output is used by Xcode 'outputs' to avoid re-running this script phase.\necho \"SUCCESS\" > \"${SCRIPT_OUTPUT_FILE_0}\"\n";
			showEnvVarsInLog = 0;
		};
/* End PBXShellScriptBuildPhase section */

/* Begin PBXSourcesBuildPhase section */
		6E89ED1A214FA51900EF319C /* Sources */ = {
			isa = PBXSourcesBuildPhase;
			buildActionMask = 2147483647;
			files = (
				6E5533A5215C67FD00F75760 /* WebTableViewCell.swift in Sources */,
				6E7AFDCD215B817800501F17 /* WebsTableViewController.swift in Sources */,
				6EF682742154DA9F0039D870 /* tuozhan.swift in Sources */,
				6E7AFDC7215B6CB700501F17 /* MainNavgationViewController.swift in Sources */,
				6E89ED24214FA51A00EF319C /* ViewController.swift in Sources */,
				6E5533A9215C6AF100F75760 /* Netmode.swift in Sources */,
				6E7AFDC2215B613700501F17 /* CatalogTableViewCell.swift in Sources */,
				6EF6827B2154E3180039D870 /* ContentTableViewCell.swift in Sources */,
				6E5533AF215CB50800F75760 /* MybookCollectionViewCell.swift in Sources */,
				6E55339C215C64D100F75760 /* MainViewController.swift in Sources */,
				6E55339F215C655C00F75760 /* TempMainViewController.swift in Sources */,
				6E89ED42214FA56E00EF319C /* Game2048BaseViewBox.swift in Sources */,
				6E89ED2A214FA51A00EF319C /* games.xcdatamodeld in Sources */,
				6EA271BE215A3374003C9264 /* fileExtence.swift in Sources */,
				6E89ED3D214FA56E00EF319C /* Game2048ViewController.swift in Sources */,
				6E7AFDBF215B2FF300501F17 /* CatalogTableViewController.swift in Sources */,
				6E077EBC215DFE0800F0E69D /* ReadContentNewViewController.swift in Sources */,
				6EA271B9215A1FFB003C9264 /* ContentTitleTableViewCell.swift in Sources */,
				6E89ED22214FA51A00EF319C /* AppDelegate.swift in Sources */,
				6EA8C51C216AF44700F13CBB /* NewMybooksViewController.swift in Sources */,
			);
			runOnlyForDeploymentPostprocessing = 0;
		};
/* End PBXSourcesBuildPhase section */

/* Begin PBXVariantGroup section */
		6E89ED25214FA51A00EF319C /* Main.storyboard */ = {
			isa = PBXVariantGroup;
			children = (
				6E89ED26214FA51A00EF319C /* Base */,
			);
			name = Main.storyboard;
			sourceTree = "<group>";
		};
		6E89ED2D214FA51B00EF319C /* LaunchScreen.storyboard */ = {
			isa = PBXVariantGroup;
			children = (
				6E89ED2E214FA51B00EF319C /* Base */,
			);
			name = LaunchScreen.storyboard;
			sourceTree = "<group>";
		};
/* End PBXVariantGroup section */

/* Begin XCBuildConfiguration section */
		6E89ED31214FA51B00EF319C /* Debug */ = {
			isa = XCBuildConfiguration;
			buildSettings = {
				ALWAYS_SEARCH_USER_PATHS = NO;
				CLANG_ANALYZER_NONNULL = YES;
				CLANG_ANALYZER_NUMBER_OBJECT_CONVERSION = YES_AGGRESSIVE;
				CLANG_CXX_LANGUAGE_STANDARD = "gnu++14";
				CLANG_CXX_LIBRARY = "libc++";
				CLANG_ENABLE_MODULES = YES;
				CLANG_ENABLE_OBJC_ARC = YES;
				CLANG_ENABLE_OBJC_WEAK = YES;
				CLANG_WARN_BLOCK_CAPTURE_AUTORELEASING = YES;
				CLANG_WARN_BOOL_CONVERSION = YES;
				CLANG_WARN_COMMA = YES;
				CLANG_WARN_CONSTANT_CONVERSION = YES;
				CLANG_WARN_DEPRECATED_OBJC_IMPLEMENTATIONS = YES;
				CLANG_WARN_DIRECT_OBJC_ISA_USAGE = YES_ERROR;
				CLANG_WARN_DOCUMENTATION_COMMENTS = YES;
				CLANG_WARN_EMPTY_BODY = YES;
				CLANG_WARN_ENUM_CONVERSION = YES;
				CLANG_WARN_INFINITE_RECURSION = YES;
				CLANG_WARN_INT_CONVERSION = YES;
				CLANG_WARN_NON_LITERAL_NULL_CONVERSION = YES;
				CLANG_WARN_OBJC_IMPLICIT_RETAIN_SELF = YES;
				CLANG_WARN_OBJC_LITERAL_CONVERSION = YES;
				CLANG_WARN_OBJC_ROOT_CLASS = YES_ERROR;
				CLANG_WARN_RANGE_LOOP_ANALYSIS = YES;
				CLANG_WARN_STRICT_PROTOTYPES = YES;
				CLANG_WARN_SUSPICIOUS_MOVE = YES;
				CLANG_WARN_UNGUARDED_AVAILABILITY = YES_AGGRESSIVE;
				CLANG_WARN_UNREACHABLE_CODE = YES;
				CLANG_WARN__DUPLICATE_METHOD_MATCH = YES;
				CODE_SIGN_IDENTITY = "iPhone Developer";
				COPY_PHASE_STRIP = NO;
				DEBUG_INFORMATION_FORMAT = dwarf;
				ENABLE_STRICT_OBJC_MSGSEND = YES;
				ENABLE_TESTABILITY = YES;
				GCC_C_LANGUAGE_STANDARD = gnu11;
				GCC_DYNAMIC_NO_PIC = NO;
				GCC_NO_COMMON_BLOCKS = YES;
				GCC_OPTIMIZATION_LEVEL = 0;
				GCC_PREPROCESSOR_DEFINITIONS = (
					"DEBUG=1",
					"$(inherited)",
				);
				GCC_WARN_64_TO_32_BIT_CONVERSION = YES;
				GCC_WARN_ABOUT_RETURN_TYPE = YES_ERROR;
				GCC_WARN_UNDECLARED_SELECTOR = YES;
				GCC_WARN_UNINITIALIZED_AUTOS = YES_AGGRESSIVE;
				GCC_WARN_UNUSED_FUNCTION = YES;
				GCC_WARN_UNUSED_VARIABLE = YES;
				IPHONEOS_DEPLOYMENT_TARGET = 11.4;
				MTL_ENABLE_DEBUG_INFO = YES;
				ONLY_ACTIVE_ARCH = YES;
				SDKROOT = iphoneos;
				SWIFT_ACTIVE_COMPILATION_CONDITIONS = DEBUG;
				SWIFT_OPTIMIZATION_LEVEL = "-Onone";
			};
			name = Debug;
		};
		6E89ED32214FA51B00EF319C /* Release */ = {
			isa = XCBuildConfiguration;
			buildSettings = {
				ALWAYS_SEARCH_USER_PATHS = NO;
				CLANG_ANALYZER_NONNULL = YES;
				CLANG_ANALYZER_NUMBER_OBJECT_CONVERSION = YES_AGGRESSIVE;
				CLANG_CXX_LANGUAGE_STANDARD = "gnu++14";
				CLANG_CXX_LIBRARY = "libc++";
				CLANG_ENABLE_MODULES = YES;
				CLANG_ENABLE_OBJC_ARC = YES;
				CLANG_ENABLE_OBJC_WEAK = YES;
				CLANG_WARN_BLOCK_CAPTURE_AUTORELEASING = YES;
				CLANG_WARN_BOOL_CONVERSION = YES;
				CLANG_WARN_COMMA = YES;
				CLANG_WARN_CONSTANT_CONVERSION = YES;
				CLANG_WARN_DEPRECATED_OBJC_IMPLEMENTATIONS = YES;
				CLANG_WARN_DIRECT_OBJC_ISA_USAGE = YES_ERROR;
				CLANG_WARN_DOCUMENTATION_COMMENTS = YES;
				CLANG_WARN_EMPTY_BODY = YES;
				CLANG_WARN_ENUM_CONVERSION = YES;
				CLANG_WARN_INFINITE_RECURSION = YES;
				CLANG_WARN_INT_CONVERSION = YES;
				CLANG_WARN_NON_LITERAL_NULL_CONVERSION = YES;
				CLANG_WARN_OBJC_IMPLICIT_RETAIN_SELF = YES;
				CLANG_WARN_OBJC_LITERAL_CONVERSION = YES;
				CLANG_WARN_OBJC_ROOT_CLASS = YES_ERROR;
				CLANG_WARN_RANGE_LOOP_ANALYSIS = YES;
				CLANG_WARN_STRICT_PROTOTYPES = YES;
				CLANG_WARN_SUSPICIOUS_MOVE = YES;
				CLANG_WARN_UNGUARDED_AVAILABILITY = YES_AGGRESSIVE;
				CLANG_WARN_UNREACHABLE_CODE = YES;
				CLANG_WARN__DUPLICATE_METHOD_MATCH = YES;
				CODE_SIGN_IDENTITY = "iPhone Developer";
				COPY_PHASE_STRIP = NO;
				DEBUG_INFORMATION_FORMAT = "dwarf-with-dsym";
				ENABLE_NS_ASSERTIONS = NO;
				ENABLE_STRICT_OBJC_MSGSEND = YES;
				GCC_C_LANGUAGE_STANDARD = gnu11;
				GCC_NO_COMMON_BLOCKS = YES;
				GCC_WARN_64_TO_32_BIT_CONVERSION = YES;
				GCC_WARN_ABOUT_RETURN_TYPE = YES_ERROR;
				GCC_WARN_UNDECLARED_SELECTOR = YES;
				GCC_WARN_UNINITIALIZED_AUTOS = YES_AGGRESSIVE;
				GCC_WARN_UNUSED_FUNCTION = YES;
				GCC_WARN_UNUSED_VARIABLE = YES;
				IPHONEOS_DEPLOYMENT_TARGET = 11.4;
				MTL_ENABLE_DEBUG_INFO = NO;
				SDKROOT = iphoneos;
				SWIFT_COMPILATION_MODE = wholemodule;
				SWIFT_OPTIMIZATION_LEVEL = "-O";
				VALIDATE_PRODUCT = YES;
			};
			name = Release;
		};
		6E89ED34214FA51B00EF319C /* Debug */ = {
			isa = XCBuildConfiguration;
			baseConfigurationReference = BFB74DE4A9FFBE3B9082773B /* Pods-games.debug.xcconfig */;
			buildSettings = {
				ASSETCATALOG_COMPILER_APPICON_NAME = AppIcon;
				CODE_SIGN_STYLE = Automatic;
				DEVELOPMENT_TEAM = M3L744C45U;
				INFOPLIST_FILE = games/Info.plist;
				IPHONEOS_DEPLOYMENT_TARGET = 9.0;
				LD_RUNPATH_SEARCH_PATHS = (
					"$(inherited)",
					"@executable_path/Frameworks",
				);
				PRODUCT_BUNDLE_IDENTIFIER = liu.games;
				PRODUCT_NAME = "$(TARGET_NAME)";
				SWIFT_VERSION = 4.0;
				TARGETED_DEVICE_FAMILY = "1,2";
			};
			name = Debug;
		};
		6E89ED35214FA51B00EF319C /* Release */ = {
			isa = XCBuildConfiguration;
			baseConfigurationReference = 6E2A383A318110F6FC92F587 /* Pods-games.release.xcconfig */;
			buildSettings = {
				ASSETCATALOG_COMPILER_APPICON_NAME = AppIcon;
				CODE_SIGN_STYLE = Automatic;
				DEVELOPMENT_TEAM = M3L744C45U;
				INFOPLIST_FILE = games/Info.plist;
				IPHONEOS_DEPLOYMENT_TARGET = 9.0;
				LD_RUNPATH_SEARCH_PATHS = (
					"$(inherited)",
					"@executable_path/Frameworks",
				);
				PRODUCT_BUNDLE_IDENTIFIER = liu.games;
				PRODUCT_NAME = "$(TARGET_NAME)";
				SWIFT_VERSION = 4.0;
				TARGETED_DEVICE_FAMILY = "1,2";
			};
			name = Release;
		};
/* End XCBuildConfiguration section */

/* Begin XCConfigurationList section */
		6E89ED19214FA51900EF319C /* Build configuration list for PBXProject "games" */ = {
			isa = XCConfigurationList;
			buildConfigurations = (
				6E89ED31214FA51B00EF319C /* Debug */,
				6E89ED32214FA51B00EF319C /* Release */,
			);
			defaultConfigurationIsVisible = 0;
			defaultConfigurationName = Release;
		};
		6E89ED33214FA51B00EF319C /* Build configuration list for PBXNativeTarget "games" */ = {
			isa = XCConfigurationList;
			buildConfigurations = (
				6E89ED34214FA51B00EF319C /* Debug */,
				6E89ED35214FA51B00EF319C /* Release */,
			);
			defaultConfigurationIsVisible = 0;
			defaultConfigurationName = Release;
		};
/* End XCConfigurationList section */

/* Begin XCVersionGroup section */
		6E89ED28214FA51A00EF319C /* games.xcdatamodeld */ = {
			isa = XCVersionGroup;
			children = (
				6E89ED29214FA51A00EF319C /* games.xcdatamodel */,
			);
			currentVersion = 6E89ED29214FA51A00EF319C /* games.xcdatamodel */;
			path = games.xcdatamodeld;
			sourceTree = "<group>";
			versionGroupType = wrapper.xcdatamodel;
		};
/* End XCVersionGroup section */
	};
	rootObject = 6E89ED16214FA51900EF319C /* Project object */;
}
